PODS:
  - PWDataBridge (0.0.4):
    - PWDataBridge/PWDataBridge (= 0.0.4)
  - PWDataBridge/PWDataBridge (0.0.4)

DEPENDENCIES:
  - PWDataBridge (from `../../PWDataBridge`)

EXTERNAL SOURCES:
  PWDataBridge:
    :path: "../../PWDataBridge"

SPEC CHECKSUMS:
  PWDataBridge: 93ff09b55bbed0eee0762b19fa36f831f29eff94

PODFILE CHECKSUM: 5f870fdfafb9a48552fb319329d6613fb66bf599

COCOAPODS: 1.5.3
