PODS:
  - PWDataBridge (0.0.11):
    - PWDataBridge/PWDataBridge (= 0.0.11)
  - PWDataBridge/PWDataBridge (0.0.11)

DEPENDENCIES:
  - PWDataBridge (from `../../PWDataBridge`)

EXTERNAL SOURCES:
  PWDataBridge:
    :path: "../../PWDataBridge"

SPEC CHECKSUMS:
  PWDataBridge: 3ff75160115d3157941fd3836ca756d53c401228

PODFILE CHECKSUM: 5f870fdfafb9a48552fb319329d6613fb66bf599

COCOAPODS: 1.5.3
